Microsoft Visual Studio Solution File, Format Version 12.00
# Visual Studio Version 18
VisualStudioVersion = 18.0.11222.15 d18.0
MinimumVisualStudioVersion = 10.0.40219.1
Project("{FAE04EC0-301F-11D3-BF4B-00C04F79EFBC}") = "RetroC64Demo", "RetroC64Demo.csproj", "{C8425ABB-4BE9-D240-7AA7-D4D1FCE32021}"
EndProject
Project("{2150E333-8FDC-42A3-9474-1A3956D46DE8}") = "Solution Items", "Solution Items", "{B72C44A6-1535-4425-9BA3-7F679B1682C5}"
	ProjectSection(SolutionItems) = preProject
		..\Readme.md = ..\Readme.md
	EndProjectSection
EndProject
Global
	GlobalSection(SolutionConfigurationPlatforms) = preSolution
		Debug|Any CPU = Debug|Any CPU
		Release|Any CPU = Release|Any CPU
	EndGlobalSection
	GlobalSection(ProjectConfigurationPlatforms) = postSolution
		{C8425ABB-4BE9-D240-7AA7-D4D1FCE32021}.Debug|Any CPU.ActiveCfg = Debug|Any CPU
		{C8425ABB-4BE9-D240-7AA7-D4D1FCE32021}.Debug|Any CPU.Build.0 = Debug|Any CPU
		{C8425ABB-4BE9-D240-7AA7-D4D1FCE32021}.Release|Any CPU.ActiveCfg = Release|Any CPU
		{C8425ABB-4BE9-D240-7AA7-D4D1FCE32021}.Release|Any CPU.Build.0 = Release|Any CPU
	EndGlobalSection
	GlobalSection(SolutionProperties) = preSolution
		HideSolutionNode = FALSE
	EndGlobalSection
	GlobalSection(ExtensibilityGlobals) = postSolution
		SolutionGuid = {20C47DE0-B70B-476B-9E6D-CADB0FC0667F}
	EndGlobalSection
EndGlobal
